
Microsoft Visual Studio Solution File, Format Version 12.00
# Visual Studio Version 16
VisualStudioVersion = 16.0.30717.126
MinimumVisualStudioVersion = 10.0.40219.1
Project("{888888A0-9F3D-457C-B088-3A5042F75D52}") = "DjangoWebCrawal", "DjangoWebCrawal\DjangoWebCrawal.pyproj", "{9507100A-841F-40C2-81C3-6D0E45479DBF}"
EndProject
Global
	GlobalSection(SolutionConfigurationPlatforms) = preSolution
		Debug|Any CPU = Debug|Any CPU
		Release|Any CPU = Release|Any CPU
	EndGlobalSection
	GlobalSection(ProjectConfigurationPlatforms) = postSolution
		{9507100A-841F-40C2-81C3-6D0E45479DBF}.Debug|Any CPU.ActiveCfg = Debug|Any CPU
		{9507100A-841F-40C2-81C3-6D0E45479DBF}.Debug|Any CPU.Build.0 = Debug|Any CPU
		{9507100A-841F-40C2-81C3-6D0E45479DBF}.Release|Any CPU.ActiveCfg = Release|Any CPU
		{9507100A-841F-40C2-81C3-6D0E45479DBF}.Release|Any CPU.Build.0 = Release|Any CPU
	EndGlobalSection
	GlobalSection(SolutionProperties) = preSolution
		HideSolutionNode = FALSE
	EndGlobalSection
	GlobalSection(ExtensibilityGlobals) = postSolution
		SolutionGuid = {7328BEC3-D58E-4C86-9B6A-16F85BCA79ED}
	EndGlobalSection
EndGlobal
